
Microsoft Visual Studio Solution File, Format Version 12.00
# Visual Studio 2013
VisualStudioVersion = 12.0.30501.0
MinimumVisualStudioVersion = 10.0.40219.1
Project("{F088123C-0E9E-452A-89E6-6BA2F21D5CAC}") = "SPS.Architeture", "SPS.Architeture\SPS.Architeture.modelproj", "{71BADA7C-07C3-427A-8F20-5D335FA267A7}"
EndProject
Project("{FAE04EC0-301F-11D3-BF4B-00C04F79EFBC}") = "SPS.Model", "SPS.Model\SPS.Model.csproj", "{85D0E54B-F75D-4A18-8C90-D5F7BBFB1915}"
EndProject
Project("{FAE04EC0-301F-11D3-BF4B-00C04F79EFBC}") = "SPS.Repository", "SPS.Repository\SPS.Repository.csproj", "{75A43F2B-1E8C-4AAF-935B-38391F273957}"
EndProject
Project("{FAE04EC0-301F-11D3-BF4B-00C04F79EFBC}") = "SPS.BO", "SPS.BO\SPS.BO.csproj", "{B351CE9A-9093-4BD3-80D1-28CD79C3033A}"
EndProject
Project("{FAE04EC0-301F-11D3-BF4B-00C04F79EFBC}") = "SPS.Web", "SPS.Web\SPS.Web.csproj", "{BFC3317E-7B88-47C0-BA73-FD996E52D4D8}"
EndProject
Project("{FAE04EC0-301F-11D3-BF4B-00C04F79EFBC}") = "SPS.Mobile.Root", "SPS.Mobile.Root\SPS.Mobile.Root.csproj", "{F76866A9-38B2-4381-B034-20B686581CB0}"
EndProject
Project("{FAE04EC0-301F-11D3-BF4B-00C04F79EFBC}") = "SPS.Security", "SPS.Security\SPS.Security.csproj", "{1636DB8C-4AEB-45FD-88D2-660BB127F1B4}"
EndProject
Global
	GlobalSection(SolutionConfigurationPlatforms) = preSolution
		Debug|Any CPU = Debug|Any CPU
		Debug|ARM = Debug|ARM
		Debug|x86 = Debug|x86
		Release|Any CPU = Release|Any CPU
		Release|ARM = Release|ARM
		Release|x86 = Release|x86
	EndGlobalSection
	GlobalSection(ProjectConfigurationPlatforms) = postSolution
		{71BADA7C-07C3-427A-8F20-5D335FA267A7}.Debug|Any CPU.ActiveCfg = Debug|Any CPU
		{71BADA7C-07C3-427A-8F20-5D335FA267A7}.Debug|Any CPU.Build.0 = Debug|Any CPU
		{71BADA7C-07C3-427A-8F20-5D335FA267A7}.Debug|ARM.ActiveCfg = Debug|Any CPU
		{71BADA7C-07C3-427A-8F20-5D335FA267A7}.Debug|x86.ActiveCfg = Debug|Any CPU
		{71BADA7C-07C3-427A-8F20-5D335FA267A7}.Release|Any CPU.ActiveCfg = Release|Any CPU
		{71BADA7C-07C3-427A-8F20-5D335FA267A7}.Release|Any CPU.Build.0 = Release|Any CPU
		{71BADA7C-07C3-427A-8F20-5D335FA267A7}.Release|ARM.ActiveCfg = Release|Any CPU
		{71BADA7C-07C3-427A-8F20-5D335FA267A7}.Release|x86.ActiveCfg = Release|Any CPU
		{85D0E54B-F75D-4A18-8C90-D5F7BBFB1915}.Debug|Any CPU.ActiveCfg = Debug|Any CPU
		{85D0E54B-F75D-4A18-8C90-D5F7BBFB1915}.Debug|Any CPU.Build.0 = Debug|Any CPU
		{85D0E54B-F75D-4A18-8C90-D5F7BBFB1915}.Debug|ARM.ActiveCfg = Debug|Any CPU
		{85D0E54B-F75D-4A18-8C90-D5F7BBFB1915}.Debug|x86.ActiveCfg = Debug|Any CPU
		{85D0E54B-F75D-4A18-8C90-D5F7BBFB1915}.Release|Any CPU.ActiveCfg = Release|Any CPU
		{85D0E54B-F75D-4A18-8C90-D5F7BBFB1915}.Release|Any CPU.Build.0 = Release|Any CPU
		{85D0E54B-F75D-4A18-8C90-D5F7BBFB1915}.Release|ARM.ActiveCfg = Release|Any CPU
		{85D0E54B-F75D-4A18-8C90-D5F7BBFB1915}.Release|x86.ActiveCfg = Release|Any CPU
		{75A43F2B-1E8C-4AAF-935B-38391F273957}.Debug|Any CPU.ActiveCfg = Debug|Any CPU
		{75A43F2B-1E8C-4AAF-935B-38391F273957}.Debug|Any CPU.Build.0 = Debug|Any CPU
		{75A43F2B-1E8C-4AAF-935B-38391F273957}.Debug|ARM.ActiveCfg = Debug|Any CPU
		{75A43F2B-1E8C-4AAF-935B-38391F273957}.Debug|x86.ActiveCfg = Debug|Any CPU
		{75A43F2B-1E8C-4AAF-935B-38391F273957}.Release|Any CPU.ActiveCfg = Release|Any CPU
		{75A43F2B-1E8C-4AAF-935B-38391F273957}.Release|Any CPU.Build.0 = Release|Any CPU
		{75A43F2B-1E8C-4AAF-935B-38391F273957}.Release|ARM.ActiveCfg = Release|Any CPU
		{75A43F2B-1E8C-4AAF-935B-38391F273957}.Release|x86.ActiveCfg = Release|Any CPU
		{B351CE9A-9093-4BD3-80D1-28CD79C3033A}.Debug|Any CPU.ActiveCfg = Debug|Any CPU
		{B351CE9A-9093-4BD3-80D1-28CD79C3033A}.Debug|Any CPU.Build.0 = Debug|Any CPU
		{B351CE9A-9093-4BD3-80D1-28CD79C3033A}.Debug|ARM.ActiveCfg = Debug|Any CPU
		{B351CE9A-9093-4BD3-80D1-28CD79C3033A}.Debug|x86.ActiveCfg = Debug|Any CPU
		{B351CE9A-9093-4BD3-80D1-28CD79C3033A}.Release|Any CPU.ActiveCfg = Release|Any CPU
		{B351CE9A-9093-4BD3-80D1-28CD79C3033A}.Release|Any CPU.Build.0 = Release|Any CPU
		{B351CE9A-9093-4BD3-80D1-28CD79C3033A}.Release|ARM.ActiveCfg = Release|Any CPU
		{B351CE9A-9093-4BD3-80D1-28CD79C3033A}.Release|x86.ActiveCfg = Release|Any CPU
		{BFC3317E-7B88-47C0-BA73-FD996E52D4D8}.Debug|Any CPU.ActiveCfg = Debug|Any CPU
		{BFC3317E-7B88-47C0-BA73-FD996E52D4D8}.Debug|Any CPU.Build.0 = Debug|Any CPU
		{BFC3317E-7B88-47C0-BA73-FD996E52D4D8}.Debug|ARM.ActiveCfg = Debug|Any CPU
		{BFC3317E-7B88-47C0-BA73-FD996E52D4D8}.Debug|x86.ActiveCfg = Debug|Any CPU
		{BFC3317E-7B88-47C0-BA73-FD996E52D4D8}.Release|Any CPU.ActiveCfg = Release|Any CPU
		{BFC3317E-7B88-47C0-BA73-FD996E52D4D8}.Release|Any CPU.Build.0 = Release|Any CPU
		{BFC3317E-7B88-47C0-BA73-FD996E52D4D8}.Release|ARM.ActiveCfg = Release|Any CPU
		{BFC3317E-7B88-47C0-BA73-FD996E52D4D8}.Release|x86.ActiveCfg = Release|Any CPU
		{F76866A9-38B2-4381-B034-20B686581CB0}.Debug|Any CPU.ActiveCfg = Debug|Any CPU
		{F76866A9-38B2-4381-B034-20B686581CB0}.Debug|Any CPU.Build.0 = Debug|Any CPU
		{F76866A9-38B2-4381-B034-20B686581CB0}.Debug|Any CPU.Deploy.0 = Debug|Any CPU
		{F76866A9-38B2-4381-B034-20B686581CB0}.Debug|ARM.ActiveCfg = Debug|ARM
		{F76866A9-38B2-4381-B034-20B686581CB0}.Debug|ARM.Build.0 = Debug|ARM
		{F76866A9-38B2-4381-B034-20B686581CB0}.Debug|ARM.Deploy.0 = Debug|ARM
		{F76866A9-38B2-4381-B034-20B686581CB0}.Debug|x86.ActiveCfg = Debug|x86
		{F76866A9-38B2-4381-B034-20B686581CB0}.Debug|x86.Build.0 = Debug|x86
		{F76866A9-38B2-4381-B034-20B686581CB0}.Debug|x86.Deploy.0 = Debug|x86
		{F76866A9-38B2-4381-B034-20B686581CB0}.Release|Any CPU.ActiveCfg = Release|Any CPU
		{F76866A9-38B2-4381-B034-20B686581CB0}.Release|Any CPU.Build.0 = Release|Any CPU
		{F76866A9-38B2-4381-B034-20B686581CB0}.Release|Any CPU.Deploy.0 = Release|Any CPU
		{F76866A9-38B2-4381-B034-20B686581CB0}.Release|ARM.ActiveCfg = Release|ARM
		{F76866A9-38B2-4381-B034-20B686581CB0}.Release|ARM.Build.0 = Release|ARM
		{F76866A9-38B2-4381-B034-20B686581CB0}.Release|ARM.Deploy.0 = Release|ARM
		{F76866A9-38B2-4381-B034-20B686581CB0}.Release|x86.ActiveCfg = Release|x86
		{F76866A9-38B2-4381-B034-20B686581CB0}.Release|x86.Build.0 = Release|x86
		{F76866A9-38B2-4381-B034-20B686581CB0}.Release|x86.Deploy.0 = Release|x86
		{1636DB8C-4AEB-45FD-88D2-660BB127F1B4}.Debug|Any CPU.ActiveCfg = Debug|Any CPU
		{1636DB8C-4AEB-45FD-88D2-660BB127F1B4}.Debug|Any CPU.Build.0 = Debug|Any CPU
		{1636DB8C-4AEB-45FD-88D2-660BB127F1B4}.Debug|ARM.ActiveCfg = Debug|Any CPU
		{1636DB8C-4AEB-45FD-88D2-660BB127F1B4}.Debug|x86.ActiveCfg = Debug|Any CPU
		{1636DB8C-4AEB-45FD-88D2-660BB127F1B4}.Release|Any CPU.ActiveCfg = Release|Any CPU
		{1636DB8C-4AEB-45FD-88D2-660BB127F1B4}.Release|Any CPU.Build.0 = Release|Any CPU
		{1636DB8C-4AEB-45FD-88D2-660BB127F1B4}.Release|ARM.ActiveCfg = Release|Any CPU
		{1636DB8C-4AEB-45FD-88D2-660BB127F1B4}.Release|x86.ActiveCfg = Release|Any CPU
	EndGlobalSection
	GlobalSection(SolutionProperties) = preSolution
		HideSolutionNode = FALSE
	EndGlobalSection
EndGlobal
